
Microsoft Visual Studio Solution File, Format Version 12.00
# Visual Studio Version 16
VisualStudioVersion = 16.0.31005.135
MinimumVisualStudioVersion = 10.0.40219.1
Project("{FAE04EC0-301F-11D3-BF4B-00C04F79EFBC}") = "Aleks", "Aleks.csproj", "{5E5E4882-3517-4553-8FDF-6DB4E61D7865}"
EndProject
Global
	GlobalSection(SolutionConfigurationPlatforms) = preSolution
		Debug|Any CPU = Debug|Any CPU
		Release|Any CPU = Release|Any CPU
	EndGlobalSection
	GlobalSection(ProjectConfigurationPlatforms) = postSolution
		{5E5E4882-3517-4553-8FDF-6DB4E61D7865}.Debug|Any CPU.ActiveCfg = Debug|Any CPU
		{5E5E4882-3517-4553-8FDF-6DB4E61D7865}.Debug|Any CPU.Build.0 = Debug|Any CPU
		{5E5E4882-3517-4553-8FDF-6DB4E61D7865}.Release|Any CPU.ActiveCfg = Release|Any CPU
		{5E5E4882-3517-4553-8FDF-6DB4E61D7865}.Release|Any CPU.Build.0 = Release|Any CPU
	EndGlobalSection
	GlobalSection(SolutionProperties) = preSolution
		HideSolutionNode = FALSE
	EndGlobalSection
	GlobalSection(ExtensibilityGlobals) = postSolution
		SolutionGuid = {BFFACF0B-1FEF-45F9-B073-E211AD6FF3E0}
	EndGlobalSection
EndGlobal
